// !$*UTF8*$!
{
	archiveVersion = 1;
	classes = {
	};
	objectVersion = 52;
	objects = {

/* Begin PBXBuildFile section */
		61473D3B244491E000B98F0A /* AppDelegate.swift in Sources */ = {isa = PBXBuildFile; fileRef = 61473D3A244491E000B98F0A /* AppDelegate.swift */; };
		61473D3D244491E000B98F0A /* SceneDelegate.swift in Sources */ = {isa = PBXBuildFile; fileRef = 61473D3C244491E000B98F0A /* SceneDelegate.swift */; };
		61473D3F244491E000B98F0A /* ContentView.swift in Sources */ = {isa = PBXBuildFile; fileRef = 61473D3E244491E000B98F0A /* ContentView.swift */; };
		61473D41244491E200B98F0A /* Assets.xcassets in Resources */ = {isa = PBXBuildFile; fileRef = 61473D40244491E200B98F0A /* Assets.xcassets */; };
		61473D44244491E200B98F0A /* Preview Assets.xcassets in Resources */ = {isa = PBXBuildFile; fileRef = 61473D43244491E200B98F0A /* Preview Assets.xcassets */; };
		61473D47244491E200B98F0A /* LaunchScreen.storyboard in Resources */ = {isa = PBXBuildFile; fileRef = 61473D45244491E200B98F0A /* LaunchScreen.storyboard */; };
		61473D502444922A00B98F0A /* RxSwift in Frameworks */ = {isa = PBXBuildFile; productRef = 61473D4F2444922A00B98F0A /* RxSwift */; };
		61473D532444924E00B98F0A /* KingfisherSwiftUI in Frameworks */ = {isa = PBXBuildFile; productRef = 61473D522444924E00B98F0A /* KingfisherSwiftUI */; };
		61473D562444928B00B98F0A /* MovieRepository.swift in Sources */ = {isa = PBXBuildFile; fileRef = 61473D552444928B00B98F0A /* MovieRepository.swift */; };
		61473D59244492CB00B98F0A /* Alamofire in Frameworks */ = {isa = PBXBuildFile; productRef = 61473D58244492CB00B98F0A /* Alamofire */; };
		61473D5B2444930F00B98F0A /* Models.swift in Sources */ = {isa = PBXBuildFile; fileRef = 61473D5A2444930F00B98F0A /* Models.swift */; };
		61473D5D2444943000B98F0A /* SearchPageView.swift in Sources */ = {isa = PBXBuildFile; fileRef = 61473D5C2444943000B98F0A /* SearchPageView.swift */; };
		61473D5F2444945000B98F0A /* SearchPageViewModel.swift in Sources */ = {isa = PBXBuildFile; fileRef = 61473D5E2444945000B98F0A /* SearchPageViewModel.swift */; };
		61473D62244494A100B98F0A /* MovieViews.swift in Sources */ = {isa = PBXBuildFile; fileRef = 61473D61244494A100B98F0A /* MovieViews.swift */; };
/* End PBXBuildFile section */

/* Begin PBXFileReference section */
		61473D37244491E000B98F0A /* MovieSearch.app */ = {isa = PBXFileReference; explicitFileType = wrapper.application; includeInIndex = 0; path = MovieSearch.app; sourceTree = BUILT_PRODUCTS_DIR; };
		61473D3A244491E000B98F0A /* AppDelegate.swift */ = {isa = PBXFileReference; lastKnownFileType = sourcecode.swift; path = AppDelegate.swift; sourceTree = "<group>"; };
		61473D3C244491E000B98F0A /* SceneDelegate.swift */ = {isa = PBXFileReference; lastKnownFileType = sourcecode.swift; path = SceneDelegate.swift; sourceTree = "<group>"; };
		61473D3E244491E000B98F0A /* ContentView.swift */ = {isa = PBXFileReference; lastKnownFileType = sourcecode.swift; path = ContentView.swift; sourceTree = "<group>"; };
		61473D40244491E200B98F0A /* Assets.xcassets */ = {isa = PBXFileReference; lastKnownFileType = folder.assetcatalog; path = Assets.xcassets; sourceTree = "<group>"; };
		61473D43244491E200B98F0A /* Preview Assets.xcassets */ = {isa = PBXFileReference; lastKnownFileType = folder.assetcatalog; path = "Preview Assets.xcassets"; sourceTree = "<group>"; };
		61473D46244491E200B98F0A /* Base */ = {isa = PBXFileReference; lastKnownFileType = file.storyboard; name = Base; path = Base.lproj/LaunchScreen.storyboard; sourceTree = "<group>"; };
		61473D48244491E200B98F0A /* Info.plist */ = {isa = PBXFileReference; lastKnownFileType = text.plist.xml; path = Info.plist; sourceTree = "<group>"; };
		61473D552444928B00B98F0A /* MovieRepository.swift */ = {isa = PBXFileReference; lastKnownFileType = sourcecode.swift; path = MovieRepository.swift; sourceTree = "<group>"; };
		61473D5A2444930F00B98F0A /* Models.swift */ = {isa = PBXFileReference; lastKnownFileType = sourcecode.swift; path = Models.swift; sourceTree = "<group>"; };
		61473D5C2444943000B98F0A /* SearchPageView.swift */ = {isa = PBXFileReference; lastKnownFileType = sourcecode.swift; path = SearchPageView.swift; sourceTree = "<group>"; };
		61473D5E2444945000B98F0A /* SearchPageViewModel.swift */ = {isa = PBXFileReference; lastKnownFileType = sourcecode.swift; path = SearchPageViewModel.swift; sourceTree = "<group>"; };
		61473D61244494A100B98F0A /* MovieViews.swift */ = {isa = PBXFileReference; lastKnownFileType = sourcecode.swift; path = MovieViews.swift; sourceTree = "<group>"; };
/* End PBXFileReference section */

/* Begin PBXFrameworksBuildPhase section */
		61473D34244491E000B98F0A /* Frameworks */ = {
			isa = PBXFrameworksBuildPhase;
			buildActionMask = 2147483647;
			files = (
				61473D59244492CB00B98F0A /* Alamofire in Frameworks */,
				61473D532444924E00B98F0A /* KingfisherSwiftUI in Frameworks */,
				61473D502444922A00B98F0A /* RxSwift in Frameworks */,
			);
			runOnlyForDeploymentPostprocessing = 0;
		};
/* End PBXFrameworksBuildPhase section */

/* Begin PBXGroup section */
		61473D2E244491E000B98F0A = {
			isa = PBXGroup;
			children = (
				61473D39244491E000B98F0A /* MovieSearch */,
				61473D38244491E000B98F0A /* Products */,
			);
			sourceTree = "<group>";
		};
		61473D38244491E000B98F0A /* Products */ = {
			isa = PBXGroup;
			children = (
				61473D37244491E000B98F0A /* MovieSearch.app */,
			);
			name = Products;
			sourceTree = "<group>";
		};
		61473D39244491E000B98F0A /* MovieSearch */ = {
			isa = PBXGroup;
			children = (
				61473D602444949000B98F0A /* ui */,
				61473D542444926500B98F0A /* search */,
				61473D3A244491E000B98F0A /* AppDelegate.swift */,
				61473D3C244491E000B98F0A /* SceneDelegate.swift */,
				61473D3E244491E000B98F0A /* ContentView.swift */,
				61473D40244491E200B98F0A /* Assets.xcassets */,
				61473D45244491E200B98F0A /* LaunchScreen.storyboard */,
				61473D48244491E200B98F0A /* Info.plist */,
				61473D42244491E200B98F0A /* Preview Content */,
			);
			path = MovieSearch;
			sourceTree = "<group>";
		};
		61473D42244491E200B98F0A /* Preview Content */ = {
			isa = PBXGroup;
			children = (
				61473D43244491E200B98F0A /* Preview Assets.xcassets */,
			);
			path = "Preview Content";
			sourceTree = "<group>";
		};
		61473D542444926500B98F0A /* search */ = {
			isa = PBXGroup;
			children = (
				61473D552444928B00B98F0A /* MovieRepository.swift */,
				61473D5A2444930F00B98F0A /* Models.swift */,
				61473D5C2444943000B98F0A /* SearchPageView.swift */,
				61473D5E2444945000B98F0A /* SearchPageViewModel.swift */,
			);
			path = search;
			sourceTree = "<group>";
		};
		61473D602444949000B98F0A /* ui */ = {
			isa = PBXGroup;
			children = (
				61473D61244494A100B98F0A /* MovieViews.swift */,
			);
			path = ui;
			sourceTree = "<group>";
		};
/* End PBXGroup section */

/* Begin PBXNativeTarget section */
		61473D36244491E000B98F0A /* MovieSearch */ = {
			isa = PBXNativeTarget;
			buildConfigurationList = 61473D4B244491E200B98F0A /* Build configuration list for PBXNativeTarget "MovieSearch" */;
			buildPhases = (
				61473D33244491E000B98F0A /* Sources */,
				61473D34244491E000B98F0A /* Frameworks */,
				61473D35244491E000B98F0A /* Resources */,
			);
			buildRules = (
			);
			dependencies = (
			);
			name = MovieSearch;
			packageProductDependencies = (
				61473D4F2444922A00B98F0A /* RxSwift */,
				61473D522444924E00B98F0A /* KingfisherSwiftUI */,
				61473D58244492CB00B98F0A /* Alamofire */,
			);
			productName = MovieSearch;
			productReference = 61473D37244491E000B98F0A /* MovieSearch.app */;
			productType = "com.apple.product-type.application";
		};
/* End PBXNativeTarget section */

/* Begin PBXProject section */
		61473D2F244491E000B98F0A /* Project object */ = {
			isa = PBXProject;
			attributes = {
				LastSwiftUpdateCheck = 1130;
				LastUpgradeCheck = 1130;
				ORGANIZATIONNAME = kinley;
				TargetAttributes = {
					61473D36244491E000B98F0A = {
						CreatedOnToolsVersion = 11.3.1;
					};
				};
			};
			buildConfigurationList = 61473D32244491E000B98F0A /* Build configuration list for PBXProject "MovieSearch" */;
			compatibilityVersion = "Xcode 9.3";
			developmentRegion = en;
			hasScannedForEncodings = 0;
			knownRegions = (
				en,
				Base,
			);
			mainGroup = 61473D2E244491E000B98F0A;
			packageReferences = (
				61473D4E2444922A00B98F0A /* XCRemoteSwiftPackageReference "RxSwift" */,
				61473D512444924E00B98F0A /* XCRemoteSwiftPackageReference "Kingfisher" */,
				61473D57244492CB00B98F0A /* XCRemoteSwiftPackageReference "Alamofire" */,
			);
			productRefGroup = 61473D38244491E000B98F0A /* Products */;
			projectDirPath = "";
			projectRoot = "";
			targets = (
				61473D36244491E000B98F0A /* MovieSearch */,
			);
		};
/* End PBXProject section */

/* Begin PBXResourcesBuildPhase section */
		61473D35244491E000B98F0A /* Resources */ = {
			isa = PBXResourcesBuildPhase;
			buildActionMask = 2147483647;
			files = (
				61473D47244491E200B98F0A /* LaunchScreen.storyboard in Resources */,
				61473D44244491E200B98F0A /* Preview Assets.xcassets in Resources */,
				61473D41244491E200B98F0A /* Assets.xcassets in Resources */,
			);
			runOnlyForDeploymentPostprocessing = 0;
		};
/* End PBXResourcesBuildPhase section */

/* Begin PBXSourcesBuildPhase section */
		61473D33244491E000B98F0A /* Sources */ = {
			isa = PBXSourcesBuildPhase;
			buildActionMask = 2147483647;
			files = (
				61473D562444928B00B98F0A /* MovieRepository.swift in Sources */,
				61473D62244494A100B98F0A /* MovieViews.swift in Sources */,
				61473D5D2444943000B98F0A /* SearchPageView.swift in Sources */,
				61473D5F2444945000B98F0A /* SearchPageViewModel.swift in Sources */,
				61473D3B244491E000B98F0A /* AppDelegate.swift in Sources */,
				61473D3D244491E000B98F0A /* SceneDelegate.swift in Sources */,
				61473D3F244491E000B98F0A /* ContentView.swift in Sources */,
				61473D5B2444930F00B98F0A /* Models.swift in Sources */,
			);
			runOnlyForDeploymentPostprocessing = 0;
		};
/* End PBXSourcesBuildPhase section */

/* Begin PBXVariantGroup section */
		61473D45244491E200B98F0A /* LaunchScreen.storyboard */ = {
			isa = PBXVariantGroup;
			children = (
				61473D46244491E200B98F0A /* Base */,
			);
			name = LaunchScreen.storyboard;
			sourceTree = "<group>";
		};
/* End PBXVariantGroup section */

/* Begin XCBuildConfiguration section */
		61473D49244491E200B98F0A /* Debug */ = {
			isa = XCBuildConfiguration;
			buildSettings = {
				ALWAYS_SEARCH_USER_PATHS = NO;
				CLANG_ANALYZER_NONNULL = YES;
				CLANG_ANALYZER_NUMBER_OBJECT_CONVERSION = YES_AGGRESSIVE;
				CLANG_CXX_LANGUAGE_STANDARD = "gnu++14";
				CLANG_CXX_LIBRARY = "libc++";
				CLANG_ENABLE_MODULES = YES;
				CLANG_ENABLE_OBJC_ARC = YES;
				CLANG_ENABLE_OBJC_WEAK = YES;
				CLANG_WARN_BLOCK_CAPTURE_AUTORELEASING = YES;
				CLANG_WARN_BOOL_CONVERSION = YES;
				CLANG_WARN_COMMA = YES;
				CLANG_WARN_CONSTANT_CONVERSION = YES;
				CLANG_WARN_DEPRECATED_OBJC_IMPLEMENTATIONS = YES;
				CLANG_WARN_DIRECT_OBJC_ISA_USAGE = YES_ERROR;
				CLANG_WARN_DOCUMENTATION_COMMENTS = YES;
				CLANG_WARN_EMPTY_BODY = YES;
				CLANG_WARN_ENUM_CONVERSION = YES;
				CLANG_WARN_INFINITE_RECURSION = YES;
				CLANG_WARN_INT_CONVERSION = YES;
				CLANG_WARN_NON_LITERAL_NULL_CONVERSION = YES;
				CLANG_WARN_OBJC_IMPLICIT_RETAIN_SELF = YES;
				CLANG_WARN_OBJC_LITERAL_CONVERSION = YES;
				CLANG_WARN_OBJC_ROOT_CLASS = YES_ERROR;
				CLANG_WARN_RANGE_LOOP_ANALYSIS = YES;
				CLANG_WARN_STRICT_PROTOTYPES = YES;
				CLANG_WARN_SUSPICIOUS_MOVE = YES;
				CLANG_WARN_UNGUARDED_AVAILABILITY = YES_AGGRESSIVE;
				CLANG_WARN_UNREACHABLE_CODE = YES;
				CLANG_WARN__DUPLICATE_METHOD_MATCH = YES;
				COPY_PHASE_STRIP = NO;
				DEBUG_INFORMATION_FORMAT = dwarf;
				ENABLE_STRICT_OBJC_MSGSEND = YES;
				ENABLE_TESTABILITY = YES;
				GCC_C_LANGUAGE_STANDARD = gnu11;
				GCC_DYNAMIC_NO_PIC = NO;
				GCC_NO_COMMON_BLOCKS = YES;
				GCC_OPTIMIZATION_LEVEL = 0;
				GCC_PREPROCESSOR_DEFINITIONS = (
					"DEBUG=1",
					"$(inherited)",
				);
				GCC_WARN_64_TO_32_BIT_CONVERSION = YES;
				GCC_WARN_ABOUT_RETURN_TYPE = YES_ERROR;
				GCC_WARN_UNDECLARED_SELECTOR = YES;
				GCC_WARN_UNINITIALIZED_AUTOS = YES_AGGRESSIVE;
				GCC_WARN_UNUSED_FUNCTION = YES;
				GCC_WARN_UNUSED_VARIABLE = YES;
				IPHONEOS_DEPLOYMENT_TARGET = 13.2;
				MTL_ENABLE_DEBUG_INFO = INCLUDE_SOURCE;
				MTL_FAST_MATH = YES;
				ONLY_ACTIVE_ARCH = YES;
				SDKROOT = iphoneos;
				SWIFT_ACTIVE_COMPILATION_CONDITIONS = DEBUG;
				SWIFT_OPTIMIZATION_LEVEL = "-Onone";
			};
			name = Debug;
		};
		61473D4A244491E200B98F0A /* Release */ = {
			isa = XCBuildConfiguration;
			buildSettings = {
				ALWAYS_SEARCH_USER_PATHS = NO;
				CLANG_ANALYZER_NONNULL = YES;
				CLANG_ANALYZER_NUMBER_OBJECT_CONVERSION = YES_AGGRESSIVE;
				CLANG_CXX_LANGUAGE_STANDARD = "gnu++14";
				CLANG_CXX_LIBRARY = "libc++";
				CLANG_ENABLE_MODULES = YES;
				CLANG_ENABLE_OBJC_ARC = YES;
				CLANG_ENABLE_OBJC_WEAK = YES;
				CLANG_WARN_BLOCK_CAPTURE_AUTORELEASING = YES;
				CLANG_WARN_BOOL_CONVERSION = YES;
				CLANG_WARN_COMMA = YES;
				CLANG_WARN_CONSTANT_CONVERSION = YES;
				CLANG_WARN_DEPRECATED_OBJC_IMPLEMENTATIONS = YES;
				CLANG_WARN_DIRECT_OBJC_ISA_USAGE = YES_ERROR;
				CLANG_WARN_DOCUMENTATION_COMMENTS = YES;
				CLANG_WARN_EMPTY_BODY = YES;
				CLANG_WARN_ENUM_CONVERSION = YES;
				CLANG_WARN_INFINITE_RECURSION = YES;
				CLANG_WARN_INT_CONVERSION = YES;
				CLANG_WARN_NON_LITERAL_NULL_CONVERSION = YES;
				CLANG_WARN_OBJC_IMPLICIT_RETAIN_SELF = YES;
				CLANG_WARN_OBJC_LITERAL_CONVERSION = YES;
				CLANG_WARN_OBJC_ROOT_CLASS = YES_ERROR;
				CLANG_WARN_RANGE_LOOP_ANALYSIS = YES;
				CLANG_WARN_STRICT_PROTOTYPES = YES;
				CLANG_WARN_SUSPICIOUS_MOVE = YES;
				CLANG_WARN_UNGUARDED_AVAILABILITY = YES_AGGRESSIVE;
				CLANG_WARN_UNREACHABLE_CODE = YES;
				CLANG_WARN__DUPLICATE_METHOD_MATCH = YES;
				COPY_PHASE_STRIP = NO;
				DEBUG_INFORMATION_FORMAT = "dwarf-with-dsym";
				ENABLE_NS_ASSERTIONS = NO;
				ENABLE_STRICT_OBJC_MSGSEND = YES;
				GCC_C_LANGUAGE_STANDARD = gnu11;
				GCC_NO_COMMON_BLOCKS = YES;
				GCC_WARN_64_TO_32_BIT_CONVERSION = YES;
				GCC_WARN_ABOUT_RETURN_TYPE = YES_ERROR;
				GCC_WARN_UNDECLARED_SELECTOR = YES;
				GCC_WARN_UNINITIALIZED_AUTOS = YES_AGGRESSIVE;
				GCC_WARN_UNUSED_FUNCTION = YES;
				GCC_WARN_UNUSED_VARIABLE = YES;
				IPHONEOS_DEPLOYMENT_TARGET = 13.2;
				MTL_ENABLE_DEBUG_INFO = NO;
				MTL_FAST_MATH = YES;
				SDKROOT = iphoneos;
				SWIFT_COMPILATION_MODE = wholemodule;
				SWIFT_OPTIMIZATION_LEVEL = "-O";
				VALIDATE_PRODUCT = YES;
			};
			name = Release;
		};
		61473D4C244491E200B98F0A /* Debug */ = {
			isa = XCBuildConfiguration;
			buildSettings = {
				ASSETCATALOG_COMPILER_APPICON_NAME = AppIcon;
				CODE_SIGN_STYLE = Automatic;
				DEVELOPMENT_ASSET_PATHS = "\"MovieSearch/Preview Content\"";
				DEVELOPMENT_TEAM = 3DFC4389QS;
				ENABLE_PREVIEWS = YES;
				INFOPLIST_FILE = MovieSearch/Info.plist;
				LD_RUNPATH_SEARCH_PATHS = (
					"$(inherited)",
					"@executable_path/Frameworks",
				);
				PRODUCT_BUNDLE_IDENTIFIER = kinley.MovieSearch;
				PRODUCT_NAME = "$(TARGET_NAME)";
				SWIFT_VERSION = 5.0;
				TARGETED_DEVICE_FAMILY = "1,2";
			};
			name = Debug;
		};
		61473D4D244491E200B98F0A /* Release */ = {
			isa = XCBuildConfiguration;
			buildSettings = {
				ASSETCATALOG_COMPILER_APPICON_NAME = AppIcon;
				CODE_SIGN_STYLE = Automatic;
				DEVELOPMENT_ASSET_PATHS = "\"MovieSearch/Preview Content\"";
				DEVELOPMENT_TEAM = 3DFC4389QS;
				ENABLE_PREVIEWS = YES;
				INFOPLIST_FILE = MovieSearch/Info.plist;
				LD_RUNPATH_SEARCH_PATHS = (
					"$(inherited)",
					"@executable_path/Frameworks",
				);
				PRODUCT_BUNDLE_IDENTIFIER = kinley.MovieSearch;
				PRODUCT_NAME = "$(TARGET_NAME)";
				SWIFT_VERSION = 5.0;
				TARGETED_DEVICE_FAMILY = "1,2";
			};
			name = Release;
		};
/* End XCBuildConfiguration section */

/* Begin XCConfigurationList section */
		61473D32244491E000B98F0A /* Build configuration list for PBXProject "MovieSearch" */ = {
			isa = XCConfigurationList;
			buildConfigurations = (
				61473D49244491E200B98F0A /* Debug */,
				61473D4A244491E200B98F0A /* Release */,
			);
			defaultConfigurationIsVisible = 0;
			defaultConfigurationName = Release;
		};
		61473D4B244491E200B98F0A /* Build configuration list for PBXNativeTarget "MovieSearch" */ = {
			isa = XCConfigurationList;
			buildConfigurations = (
				61473D4C244491E200B98F0A /* Debug */,
				61473D4D244491E200B98F0A /* Release */,
			);
			defaultConfigurationIsVisible = 0;
			defaultConfigurationName = Release;
		};
/* End XCConfigurationList section */

/* Begin XCRemoteSwiftPackageReference section */
		61473D4E2444922A00B98F0A /* XCRemoteSwiftPackageReference "RxSwift" */ = {
			isa = XCRemoteSwiftPackageReference;
			repositoryURL = "https://github.com/ReactiveX/RxSwift";
			requirement = {
				kind = upToNextMajorVersion;
				minimumVersion = 5.1.1;
			};
		};
		61473D512444924E00B98F0A /* XCRemoteSwiftPackageReference "Kingfisher" */ = {
			isa = XCRemoteSwiftPackageReference;
			repositoryURL = "https://github.com/onevcat/Kingfisher";
			requirement = {
				kind = upToNextMajorVersion;
				minimumVersion = 5.13.4;
			};
		};
		61473D57244492CB00B98F0A /* XCRemoteSwiftPackageReference "Alamofire" */ = {
			isa = XCRemoteSwiftPackageReference;
			repositoryURL = "https://github.com/Alamofire/Alamofire";
			requirement = {
				kind = upToNextMajorVersion;
				minimumVersion = 4.9.1;
			};
		};
/* End XCRemoteSwiftPackageReference section */

/* Begin XCSwiftPackageProductDependency section */
		61473D4F2444922A00B98F0A /* RxSwift */ = {
			isa = XCSwiftPackageProductDependency;
			package = 61473D4E2444922A00B98F0A /* XCRemoteSwiftPackageReference "RxSwift" */;
			productName = RxSwift;
		};
		61473D522444924E00B98F0A /* KingfisherSwiftUI */ = {
			isa = XCSwiftPackageProductDependency;
			package = 61473D512444924E00B98F0A /* XCRemoteSwiftPackageReference "Kingfisher" */;
			productName = KingfisherSwiftUI;
		};
		61473D58244492CB00B98F0A /* Alamofire */ = {
			isa = XCSwiftPackageProductDependency;
			package = 61473D57244492CB00B98F0A /* XCRemoteSwiftPackageReference "Alamofire" */;
			productName = Alamofire;
		};
/* End XCSwiftPackageProductDependency section */
	};
	rootObject = 61473D2F244491E000B98F0A /* Project object */;
}
